#MicroXplorer Configuration settings - do not modify
Mcu.Family=STM32F0
ProjectManager.MainLocation=Core/Src
RCC.MCOFreq_Value=48000000
PA6.Mode=Full_Duplex_Slave
TIM15.Channel-Input_Capture1_from_TI1=TIM_CHANNEL_1
PC7.GPIOParameters=GPIO_Label
RCC.USART1Freq_Value=48000000
TIM15.AutoReloadPreload=TIM_AUTORELOAD_PRELOAD_ENABLE
SH.S_TIM1_CH4.0=TIM1_CH4,PWM Generation4 CH4
TIM17.Prescaler=14
USART2.IPParameters=VirtualMode-Asynchronous,WordLength
VP_TIM17_VS_ClockSourceINT.Mode=Enable_Timer
I2C1.I2C_Speed_Mode=I2C_Fast
ProjectManager.KeepUserCode=true
Mcu.UserName=STM32F030RCTx
SPI1.VirtualType=VM_SLAVE
PC12.Locked=true
TIM1.IPParameters=Channel-PWM Generation1 CH1,Channel-PWM Generation2 CH2,Channel-PWM Generation3 CH3,Channel-PWM Generation4 CH4,TIM_MasterSlaveMode,OCMode_PWM-PWM Generation1 CH1,Prescaler,Period,OCMode_PWM-PWM Generation2 CH2,OCMode_PWM-PWM Generation3 CH3,OCMode_PWM-PWM Generation4 CH4
PC15OSC32_OUT.Signal=RCC_OSC32_OUT
PC10.Locked=true
RCC.PLLCLKFreq_Value=48000000
PC10.Signal=GPIO_Output
PC12.Signal=GPIO_Output
PB14.GPIO_Label=PPM
USART1.WordLength=WORDLENGTH_8B
PC7.Locked=true
ProjectManager.functionlistsort=1-MX_GPIO_Init-GPIO-false-HAL-true,2-SystemClock_Config-RCC-false-HAL-false,3-MX_I2C1_Init-I2C1-false-HAL-true,4-MX_SPI1_Init-SPI1-false-HAL-true,5-MX_TIM1_Init-TIM1-false-HAL-true,6-MX_TIM3_Init-TIM3-false-HAL-true,7-MX_TIM14_Init-TIM14-false-HAL-true,8-MX_TIM15_Init-TIM15-false-HAL-true,9-MX_TIM16_Init-TIM16-false-HAL-true,10-MX_TIM17_Init-TIM17-false-HAL-true,11-MX_USART1_UART_Init-USART1-false-HAL-true,12-MX_USART2_UART_Init-USART2-false-HAL-true
PA9.GPIOParameters=GPIO_Label
PA11.GPIOParameters=GPIO_Label
PC6.GPIO_Label=PWM6
PC9.Locked=true
PA3.GPIOParameters=GPIO_Label
PB6.GPIO_Label=DBG_UART_TX
NVIC.SVC_IRQn=true\:0\:0\:false\:false\:true\:true\:false
SH.S_TIM1_CH3.ConfNb=1
SH.S_TIM1_CH1.ConfNb=1
USART1.IPParameters=VirtualMode-Asynchronous,WordLength,SwapParam
SPI1.TIMode=SPI_TIMODE_DISABLE
PC15OSC32_OUT.Mode=LSE-External-Oscillator
PB15.Signal=GPIO_Input
PA2.GPIOParameters=GPIO_Label
PinOutPanel.RotationAngle=0
TIM3.Channel-PWM\ Generation4\ CH4=TIM_CHANNEL_4
RCC.SYSCLKSource=RCC_SYSCLKSOURCE_PLLCLK
ProjectManager.StackSize=0x400
Mcu.IP4=SPI1
RCC.FCLKCortexFreq_Value=48000000
Mcu.IP5=SYS
I2C1.IPParameters=I2C_Speed_Mode,Timing
Mcu.IP2=NVIC
Mcu.IP3=RCC
Mcu.IP0=FREERTOS
Mcu.IP1=I2C1
TIM1.OCMode_PWM-PWM\ Generation3\ CH3=TIM_OCMODE_PWM1
TIM1.Prescaler=14
SPI1.CLKPolarity=SPI_POLARITY_HIGH
Mcu.UserConstants=
PA4.Mode=NSS_Signal_Hard_Input
SH.S_TIM3_CH2.ConfNb=1
TIM15.Prescaler=31
SH.S_TIM14_CH1.0=TIM14_CH1,Input_Capture1_from_TI1
Mcu.ThirdPartyNb=0
TIM1.Channel-PWM\ Generation4\ CH4=TIM_CHANNEL_4
SPI1.Direction=SPI_DIRECTION_2LINES
RCC.HCLKFreq_Value=48000000
Mcu.IPNb=14
ProjectManager.PreviousToolchain=STM32CubeIDE
TIM3.Period=64000
PB6.Signal=USART1_TX
PC7.Signal=S_TIM3_CH2
PB6.Mode=Asynchronous
PA8.GPIOParameters=GPIO_Label
Mcu.Pin6=PA4
TIM3.OCMode_PWM-PWM\ Generation3\ CH3=TIM_OCMODE_PWM1
Mcu.Pin7=PA5
TIM17.IPParameters=Prescaler,Period
Mcu.Pin8=PA6
Mcu.Pin9=PA7
FREERTOS.IPParameters=Tasks01,MEMORY_ALLOCATION,INCLUDE_vTaskDelayUntil
RCC.AHBFreq_Value=48000000
Mcu.Pin0=PC14OSC32_IN
Mcu.Pin1=PC15OSC32_OUT
TIM3.Channel-PWM\ Generation1\ CH1=TIM_CHANNEL_1
GPIO.groupedBy=Group By Peripherals
Mcu.Pin2=PF0-OSC_IN
Mcu.Pin3=PF1-OSC_OUT
Mcu.Pin4=PA2
Mcu.Pin5=PA3
ProjectManager.ProjectBuild=false
PA8.Locked=true
PA4.Locked=true
Mcu.IP10=TIM16
USART2.VirtualMode-Asynchronous=VM_ASYNC
TIM14.Period=48000
NVIC.SysTick_IRQn=true\:0\:0\:false\:false\:true\:true\:true
Mcu.IP12=USART1
RCC.PLLMUL=RCC_PLL_MUL6
Mcu.IP11=TIM17
TIM15.Period=0xffff
TIM17.Period=64000
ProjectManager.FirmwarePackage=STM32Cube FW_F0 V1.9.0
MxDb.Version=DB.4.0.230
Mcu.IP13=USART2
ProjectManager.BackupPrevious=false
TIM1.Channel-PWM\ Generation1\ CH1=TIM_CHANNEL_1
PA14.Mode=Serial_Wire
TIM3.Prescaler=14
PB1.GPIO_Label=BUZZER
PC11.GPIO_Label=LED2
SPI1.DataSize=SPI_DATASIZE_8BIT
File.Version=6
PA10.GPIO_Label=PWM3
PB7.Signal=USART1_RX
PB8.Locked=true
PA8.Signal=S_TIM1_CH1
SPI1.VirtualNSS=VM_NSSHARD
PB6.Locked=true
NVIC.PendSV_IRQn=true\:0\:0\:false\:false\:true\:true\:false
SH.S_TIM3_CH1.0=TIM3_CH1,PWM Generation1 CH1
VP_TIM15_VS_ClockSourceINT.Signal=TIM15_VS_ClockSourceINT
PB6.GPIOParameters=GPIO_Speed,GPIO_Label
ProjectManager.HalAssertFull=false
VP_TIM1_VS_ClockSourceINT.Mode=Internal
ProjectManager.ProjectName=Safety_ZeropilotRev1
VP_FREERTOS_VS_ENABLE.Mode=Enabled
RCC.PLLMCOFreq_Value=48000000
PC14OSC32_IN.Mode=LSE-External-Oscillator
PB7.GPIO_Label=DBG_UART_RX
PC8.GPIOParameters=GPIO_Label
Mcu.Package=LQFP64
PB9.Signal=I2C1_SDA
PB1.Signal=S_TIM14_CH1
PA6.Signal=SPI1_MISO
PA7.Locked=true
PA5.Locked=true
ProjectManager.ToolChainLocation=
PA2.GPIO_Label=REC_UART_TX
VP_SYS_VS_Systick.Signal=SYS_VS_Systick
PA10.Signal=S_TIM1_CH3
PB14.GPIOParameters=GPIO_Label
USART2.WordLength=WORDLENGTH_8B
RCC.APB1TimFreq_Value=48000000
TIM1.Period=64000
VP_TIM14_VS_ClockSourceINT.Mode=Enable_Timer
TIM16.Prescaler=14
VP_FREERTOS_VS_ENABLE.Signal=FREERTOS_VS_ENABLE
TIM14.IPParameters=Channel,Prescaler,Period
PF1-OSC_OUT.Mode=HSE-External-Oscillator
NVIC.TIM15_IRQn=true\:0\:0\:false\:false\:true\:true\:true
ProjectManager.CustomerFirmwarePackage=
VP_TIM3_VS_ClockSourceINT.Mode=Internal
PF1-OSC_OUT.Signal=RCC_OSC_OUT
PC14OSC32_IN.Signal=RCC_OSC32_IN
PB15.Locked=true
PA3.Signal=USART2_RX
PA5.Mode=Full_Duplex_Slave
PA2.Locked=true
TIM1.OCMode_PWM-PWM\ Generation4\ CH4=TIM_OCMODE_PWM1
RCC.PLLSourceVirtual=RCC_PLLSOURCE_HSE
ProjectManager.ProjectFileName=Safety_ZeropilotRev1.ioc
FREERTOS.Tasks01=defaultTask,0,128,StartDefaultTask,Default,NULL,Dynamic,NULL,NULL
PA7.Mode=Full_Duplex_Slave
PC10.GPIO_Label=LED1
Mcu.PinsNb=38
VP_TIM14_VS_ClockSourceINT.Signal=TIM14_VS_ClockSourceINT
PC9.GPIO_Label=PWM12
ProjectManager.NoMain=false
PC11.Locked=true
SPI1.IPParameters=VirtualType,Mode,Direction,VirtualNSS,TIMode,DataSize,CRCCalculation,CLKPolarity,CLKPhase
TIM3.OCMode_PWM-PWM\ Generation4\ CH4=TIM_OCMODE_PWM1
PC11.Signal=GPIO_Output
PA9.GPIO_Label=PWM2
FREERTOS.INCLUDE_vTaskDelayUntil=1
PC8.Signal=S_TIM3_CH3
PC6.Signal=S_TIM3_CH1
PA11.GPIO_Label=PWM4
ProjectManager.DefaultFWLocation=true
VP_TIM16_VS_ClockSourceINT.Mode=Enable_Timer
SPI1.CLKPhase=SPI_PHASE_2EDGE
ProjectManager.DeletePrevious=true
PB14.Locked=true
PC11.GPIOParameters=GPIO_Label
SH.S_TIM3_CH3.0=TIM3_CH3,PWM Generation3 CH3
VP_TIM17_VS_ClockSourceINT.Signal=TIM17_VS_ClockSourceINT
RCC.FamilyName=M
PC8.GPIO_Label=PWM11
PC12.GPIOParameters=GPIO_Label
USART1.VirtualMode-Asynchronous=VM_ASYNC
PA3.Mode=Asynchronous
PA13.Signal=SYS_SWDIO
TIM3.Channel-PWM\ Generation3\ CH3=TIM_CHANNEL_3
PA11.Locked=true
PA8.GPIO_Label=PWM1
TIM3.OCMode_PWM-PWM\ Generation1\ CH1=TIM_OCMODE_PWM1
SH.S_TIM1_CH1.0=TIM1_CH1,PWM Generation1 CH1
ProjectManager.TargetToolchain=STM32CubeIDE
SH.S_TIM3_CH3.ConfNb=1
PB7.GPIOParameters=GPIO_Label
PC6.Locked=true
PB9.Mode=I2C
PA9.Signal=S_TIM1_CH2
VP_TIM1_VS_ClockSourceINT.Signal=TIM1_VS_ClockSourceINT
TIM1.Channel-PWM\ Generation2\ CH2=TIM_CHANNEL_2
I2C1.Timing=0x0000020B
PB9.Locked=true
ProjectManager.RegisterCallBack=
SH.S_TIM14_CH1.ConfNb=1
VP_TIM3_VS_ClockSourceINT.Signal=TIM3_VS_ClockSourceINT
TIM15.IPParameters=Prescaler,Period,Channel-Input_Capture1_from_TI1,AutoReloadPreload
PB1.Locked=true
PF0-OSC_IN.Mode=HSE-External-Oscillator
SH.S_TIM1_CH2.ConfNb=1
PB14.Signal=S_TIM15_CH1
PA5.Signal=SPI1_SCK
SH.S_TIM3_CH2.0=TIM3_CH2,PWM Generation2 CH2
FREERTOS.MEMORY_ALLOCATION=2
PB1.GPIO_ModeDefaultPP=GPIO_MODE_AF_PP
board=Safety
ProjectManager.LastFirmware=true
SH.S_TIM15_CH1.0=TIM15_CH1,Input_Capture1_from_TI1
SH.S_TIM15_CH1.ConfNb=1
RCC.VCOOutput2Freq_Value=8000000
NVIC.SPI1_IRQn=true\:0\:0\:false\:false\:true\:true\:true
TIM16.Period=64000
SPI1.CRCCalculation=SPI_CRCCALCULATION_DISABLE
TIM14.Channel=TIM_CHANNEL_1
MxCube.Version=4.23.0
Mcu.Pin37=VP_TIM17_VS_ClockSourceINT
PB15.GPIO_Label=RSSI
SH.S_TIM1_CH2.0=TIM1_CH2,PWM Generation2 CH2
Mcu.Pin35=VP_TIM15_VS_ClockSourceINT
RCC.I2C1Freq_Value=8000000
Mcu.Pin36=VP_TIM16_VS_ClockSourceINT
SPI1.Mode=SPI_MODE_SLAVE
Mcu.Pin30=VP_FREERTOS_VS_ENABLE
PA10.GPIOParameters=GPIO_Label
VP_SYS_VS_Systick.Mode=SysTick
Mcu.Pin33=VP_TIM3_VS_ClockSourceINT
TIM3.IPParameters=Channel-PWM Generation1 CH1,Channel-PWM Generation2 CH2,Channel-PWM Generation4 CH4,Channel-PWM Generation3 CH3,Prescaler,Period,OCMode_PWM-PWM Generation1 CH1,OCMode_PWM-PWM Generation2 CH2,OCMode_PWM-PWM Generation3 CH3,OCMode_PWM-PWM Generation4 CH4
Mcu.Pin34=VP_TIM14_VS_ClockSourceINT
Mcu.Pin31=VP_SYS_VS_Systick
Mcu.Pin32=VP_TIM1_VS_ClockSourceINT
PA9.Locked=true
VP_TIM16_VS_ClockSourceINT.Signal=TIM16_VS_ClockSourceINT
NVIC.NonMaskableInt_IRQn=true\:0\:0\:false\:false\:true\:true\:false
PC10.GPIOParameters=GPIO_Label
PB15.GPIOParameters=GPIO_Label
PA13.Mode=Serial_Wire
ProjectManager.FreePins=false
RCC.IPParameters=AHBFreq_Value,APB1Freq_Value,APB1TimFreq_Value,FCLKCortexFreq_Value,FamilyName,HCLKFreq_Value,I2C1Freq_Value,MCOFreq_Value,PLLCLKFreq_Value,PLLMCOFreq_Value,PLLMUL,PLLSourceVirtual,SYSCLKFreq_VALUE,SYSCLKSource,TimSysFreq_Value,USART1Freq_Value,VCOOutput2Freq_Value
PC9.GPIOParameters=GPIO_Label
ProjectManager.AskForMigrate=true
Mcu.Name=STM32F030RCTx
TIM1.OCMode_PWM-PWM\ Generation1\ CH1=TIM_OCMODE_PWM1
Mcu.Pin26=PB6
Mcu.Pin27=PB7
TIM14.Prescaler=2
PA2.Signal=USART2_TX
Mcu.Pin24=PC11
ProjectManager.UnderRoot=true
Mcu.Pin25=PC12
Mcu.IP8=TIM14
Mcu.IP9=TIM15
PC7.GPIO_Label=PWM10
Mcu.Pin28=PB8
Mcu.IP6=TIM1
Mcu.Pin29=PB9
Mcu.IP7=TIM3
ProjectManager.CoupleFile=true
PA4.Signal=SPI1_NSS
RCC.SYSCLKFreq_VALUE=48000000
Mcu.Pin22=PA14
Mcu.Pin23=PC10
RCC.TimSysFreq_Value=48000000
Mcu.Pin20=PA11
PA3.Locked=true
Mcu.Pin21=PA13
PA10.Locked=true
NVIC.ForceEnableDMAVector=true
KeepUserPlacement=false
PC12.GPIO_Label=LED3
ProjectManager.CompilerOptimize=2
PB7.Mode=Asynchronous
PA11.Signal=S_TIM1_CH4
VP_TIM15_VS_ClockSourceINT.Mode=Internal
PA14.Signal=SYS_SWCLK
ProjectManager.HeapSize=0x200
Mcu.Pin15=PC8
NVIC.HardFault_IRQn=true\:0\:0\:false\:false\:true\:true\:false
Mcu.Pin16=PC9
Mcu.Pin13=PC6
PC6.GPIOParameters=GPIO_Label
Mcu.Pin14=PC7
SH.S_TIM1_CH3.0=TIM1_CH3,PWM Generation3 CH3
Mcu.Pin19=PA10
SH.S_TIM3_CH1.ConfNb=1
ProjectManager.ComputerToolchain=false
Mcu.Pin17=PA8
Mcu.Pin18=PA9
SH.S_TIM3_CH4.ConfNb=1
Mcu.Pin11=PB14
TIM3.Channel-PWM\ Generation2\ CH2=TIM_CHANNEL_2
Mcu.Pin12=PB15
PB8.Mode=I2C
Mcu.Pin10=PB1
TIM1.OCMode_PWM-PWM\ Generation2\ CH2=TIM_OCMODE_PWM1
PB7.Locked=true
PA2.Mode=Asynchronous
PB8.Signal=I2C1_SCL
PC8.Locked=true
PC9.Signal=S_TIM3_CH4
TIM16.IPParameters=Prescaler,Period
PF0-OSC_IN.Signal=RCC_OSC_IN
TIM1.Channel-PWM\ Generation3\ CH3=TIM_CHANNEL_3
PB6.GPIO_Speed=GPIO_SPEED_FREQ_HIGH
RCC.APB1Freq_Value=48000000
USART1.SwapParam=ADVFEATURE_SWAP_ENABLE
SH.S_TIM1_CH4.ConfNb=1
ProjectManager.DeviceId=STM32F030RCTx
ProjectManager.LibraryCopy=1
TIM1.TIM_MasterSlaveMode=TIM_MASTERSLAVEMODE_DISABLE
PA3.GPIO_Label=REC_UART_RX
SH.S_TIM3_CH4.0=TIM3_CH4,PWM Generation4 CH4
PB1.GPIOParameters=GPIO_ModeDefaultPP,GPIO_Label
TIM3.OCMode_PWM-PWM\ Generation2\ CH2=TIM_OCMODE_PWM1
PA7.Signal=SPI1_MOSI
PA6.Locked=true
isbadioc=false
